
Microsoft Visual Studio Solution File, Format Version 12.00
# Visual Studio Version 17
VisualStudioVersion = 17.3.32825.248
MinimumVisualStudioVersion = 10.0.40219.1
Project("{FAE04EC0-301F-11D3-BF4B-00C04F79EFBC}") = "App2.Android", "App2\App2.Android\App2.Android.csproj", "{EFB05F00-4E21-4E6C-BF45-7BC7627D89DA}"
EndProject
Project("{FAE04EC0-301F-11D3-BF4B-00C04F79EFBC}") = "App2.iOS", "App2\App2.iOS\App2.iOS.csproj", "{2CA62255-EA0A-4288-ABE6-80A67846B948}"
EndProject
Project("{FAE04EC0-301F-11D3-BF4B-00C04F79EFBC}") = "App2", "App2\App2\App2.csproj", "{4C3F6B09-65FB-49E9-BB1F-BF886DBC25DE}"
EndProject
Global
	GlobalSection(SolutionConfigurationPlatforms) = preSolution
		Debug|Any CPU = Debug|Any CPU
		Debug|iPhone = Debug|iPhone
		Debug|iPhoneSimulator = Debug|iPhoneSimulator
		Release|Any CPU = Release|Any CPU
		Release|iPhone = Release|iPhone
		Release|iPhoneSimulator = Release|iPhoneSimulator
	EndGlobalSection
	GlobalSection(ProjectConfigurationPlatforms) = postSolution
		{EFB05F00-4E21-4E6C-BF45-7BC7627D89DA}.Debug|Any CPU.ActiveCfg = Debug|Any CPU
		{EFB05F00-4E21-4E6C-BF45-7BC7627D89DA}.Debug|Any CPU.Build.0 = Debug|Any CPU
		{EFB05F00-4E21-4E6C-BF45-7BC7627D89DA}.Debug|Any CPU.Deploy.0 = Debug|Any CPU
		{EFB05F00-4E21-4E6C-BF45-7BC7627D89DA}.Debug|iPhone.ActiveCfg = Debug|Any CPU
		{EFB05F00-4E21-4E6C-BF45-7BC7627D89DA}.Debug|iPhone.Build.0 = Debug|Any CPU
		{EFB05F00-4E21-4E6C-BF45-7BC7627D89DA}.Debug|iPhone.Deploy.0 = Debug|Any CPU
		{EFB05F00-4E21-4E6C-BF45-7BC7627D89DA}.Debug|iPhoneSimulator.ActiveCfg = Debug|Any CPU
		{EFB05F00-4E21-4E6C-BF45-7BC7627D89DA}.Debug|iPhoneSimulator.Build.0 = Debug|Any CPU
		{EFB05F00-4E21-4E6C-BF45-7BC7627D89DA}.Debug|iPhoneSimulator.Deploy.0 = Debug|Any CPU
		{EFB05F00-4E21-4E6C-BF45-7BC7627D89DA}.Release|Any CPU.ActiveCfg = Release|Any CPU
		{EFB05F00-4E21-4E6C-BF45-7BC7627D89DA}.Release|Any CPU.Build.0 = Release|Any CPU
		{EFB05F00-4E21-4E6C-BF45-7BC7627D89DA}.Release|Any CPU.Deploy.0 = Release|Any CPU
		{EFB05F00-4E21-4E6C-BF45-7BC7627D89DA}.Release|iPhone.ActiveCfg = Release|Any CPU
		{EFB05F00-4E21-4E6C-BF45-7BC7627D89DA}.Release|iPhone.Build.0 = Release|Any CPU
		{EFB05F00-4E21-4E6C-BF45-7BC7627D89DA}.Release|iPhone.Deploy.0 = Release|Any CPU
		{EFB05F00-4E21-4E6C-BF45-7BC7627D89DA}.Release|iPhoneSimulator.ActiveCfg = Release|Any CPU
		{EFB05F00-4E21-4E6C-BF45-7BC7627D89DA}.Release|iPhoneSimulator.Build.0 = Release|Any CPU
		{EFB05F00-4E21-4E6C-BF45-7BC7627D89DA}.Release|iPhoneSimulator.Deploy.0 = Release|Any CPU
		{2CA62255-EA0A-4288-ABE6-80A67846B948}.Debug|Any CPU.ActiveCfg = Debug|iPhone
		{2CA62255-EA0A-4288-ABE6-80A67846B948}.Debug|Any CPU.Build.0 = Debug|iPhone
		{2CA62255-EA0A-4288-ABE6-80A67846B948}.Debug|Any CPU.Deploy.0 = Debug|iPhone
		{2CA62255-EA0A-4288-ABE6-80A67846B948}.Debug|iPhone.ActiveCfg = Debug|iPhone
		{2CA62255-EA0A-4288-ABE6-80A67846B948}.Debug|iPhone.Build.0 = Debug|iPhone
		{2CA62255-EA0A-4288-ABE6-80A67846B948}.Debug|iPhone.Deploy.0 = Debug|iPhone
		{2CA62255-EA0A-4288-ABE6-80A67846B948}.Debug|iPhoneSimulator.ActiveCfg = Debug|iPhoneSimulator
		{2CA62255-EA0A-4288-ABE6-80A67846B948}.Debug|iPhoneSimulator.Build.0 = Debug|iPhoneSimulator
		{2CA62255-EA0A-4288-ABE6-80A67846B948}.Debug|iPhoneSimulator.Deploy.0 = Debug|iPhoneSimulator
		{2CA62255-EA0A-4288-ABE6-80A67846B948}.Release|Any CPU.ActiveCfg = Release|iPhoneSimulator
		{2CA62255-EA0A-4288-ABE6-80A67846B948}.Release|Any CPU.Build.0 = Release|iPhoneSimulator
		{2CA62255-EA0A-4288-ABE6-80A67846B948}.Release|Any CPU.Deploy.0 = Release|iPhoneSimulator
		{2CA62255-EA0A-4288-ABE6-80A67846B948}.Release|iPhone.ActiveCfg = Release|iPhone
		{2CA62255-EA0A-4288-ABE6-80A67846B948}.Release|iPhone.Build.0 = Release|iPhone
		{2CA62255-EA0A-4288-ABE6-80A67846B948}.Release|iPhone.Deploy.0 = Release|iPhone
		{2CA62255-EA0A-4288-ABE6-80A67846B948}.Release|iPhoneSimulator.ActiveCfg = Release|iPhoneSimulator
		{2CA62255-EA0A-4288-ABE6-80A67846B948}.Release|iPhoneSimulator.Build.0 = Release|iPhoneSimulator
		{2CA62255-EA0A-4288-ABE6-80A67846B948}.Release|iPhoneSimulator.Deploy.0 = Release|iPhoneSimulator
		{4C3F6B09-65FB-49E9-BB1F-BF886DBC25DE}.Debug|Any CPU.ActiveCfg = Debug|Any CPU
		{4C3F6B09-65FB-49E9-BB1F-BF886DBC25DE}.Debug|Any CPU.Build.0 = Debug|Any CPU
		{4C3F6B09-65FB-49E9-BB1F-BF886DBC25DE}.Debug|Any CPU.Deploy.0 = Debug|Any CPU
		{4C3F6B09-65FB-49E9-BB1F-BF886DBC25DE}.Debug|iPhone.ActiveCfg = Debug|Any CPU
		{4C3F6B09-65FB-49E9-BB1F-BF886DBC25DE}.Debug|iPhone.Build.0 = Debug|Any CPU
		{4C3F6B09-65FB-49E9-BB1F-BF886DBC25DE}.Debug|iPhone.Deploy.0 = Debug|Any CPU
		{4C3F6B09-65FB-49E9-BB1F-BF886DBC25DE}.Debug|iPhoneSimulator.ActiveCfg = Debug|Any CPU
		{4C3F6B09-65FB-49E9-BB1F-BF886DBC25DE}.Debug|iPhoneSimulator.Build.0 = Debug|Any CPU
		{4C3F6B09-65FB-49E9-BB1F-BF886DBC25DE}.Debug|iPhoneSimulator.Deploy.0 = Debug|Any CPU
		{4C3F6B09-65FB-49E9-BB1F-BF886DBC25DE}.Release|Any CPU.ActiveCfg = Release|Any CPU
		{4C3F6B09-65FB-49E9-BB1F-BF886DBC25DE}.Release|Any CPU.Build.0 = Release|Any CPU
		{4C3F6B09-65FB-49E9-BB1F-BF886DBC25DE}.Release|Any CPU.Deploy.0 = Release|Any CPU
		{4C3F6B09-65FB-49E9-BB1F-BF886DBC25DE}.Release|iPhone.ActiveCfg = Release|Any CPU
		{4C3F6B09-65FB-49E9-BB1F-BF886DBC25DE}.Release|iPhone.Build.0 = Release|Any CPU
		{4C3F6B09-65FB-49E9-BB1F-BF886DBC25DE}.Release|iPhone.Deploy.0 = Release|Any CPU
		{4C3F6B09-65FB-49E9-BB1F-BF886DBC25DE}.Release|iPhoneSimulator.ActiveCfg = Release|Any CPU
		{4C3F6B09-65FB-49E9-BB1F-BF886DBC25DE}.Release|iPhoneSimulator.Build.0 = Release|Any CPU
		{4C3F6B09-65FB-49E9-BB1F-BF886DBC25DE}.Release|iPhoneSimulator.Deploy.0 = Release|Any CPU
	EndGlobalSection
	GlobalSection(SolutionProperties) = preSolution
		HideSolutionNode = FALSE
	EndGlobalSection
	GlobalSection(ExtensibilityGlobals) = postSolution
		SolutionGuid = {31FC2B53-1A0A-4381-85CC-3972330E13D4}
	EndGlobalSection
EndGlobal
